
Microsoft Visual Studio Solution File, Format Version 12.00
# Visual Studio Version 17
VisualStudioVersion = 17.9.34607.119
MinimumVisualStudioVersion = 10.0.40219.1
Project("{FAE04EC0-301F-11D3-BF4B-00C04F79EFBC}") = "Group7", "Group7.csproj", "{CC6EF81C-93FD-4CB6-A143-A39CB0ECA329}"
EndProject
Global
	GlobalSection(SolutionConfigurationPlatforms) = preSolution
		Debug|Any CPU = Debug|Any CPU
		Release|Any CPU = Release|Any CPU
	EndGlobalSection
	GlobalSection(ProjectConfigurationPlatforms) = postSolution
		{CC6EF81C-93FD-4CB6-A143-A39CB0ECA329}.Debug|Any CPU.ActiveCfg = Debug|Any CPU
		{CC6EF81C-93FD-4CB6-A143-A39CB0ECA329}.Debug|Any CPU.Build.0 = Debug|Any CPU
		{CC6EF81C-93FD-4CB6-A143-A39CB0ECA329}.Release|Any CPU.ActiveCfg = Release|Any CPU
		{CC6EF81C-93FD-4CB6-A143-A39CB0ECA329}.Release|Any CPU.Build.0 = Release|Any CPU
	EndGlobalSection
	GlobalSection(SolutionProperties) = preSolution
		HideSolutionNode = FALSE
	EndGlobalSection
	GlobalSection(ExtensibilityGlobals) = postSolution
		SolutionGuid = {141528A7-FA84-48C1-B3C4-A44258513F82}
	EndGlobalSection
EndGlobal
